
Microsoft Visual Studio Solution File, Format Version 12.00
# Visual Studio Version 16
VisualStudioVersion = 16.0.30611.23
MinimumVisualStudioVersion = 10.0.40219.1
Project("{FAE04EC0-301F-11D3-BF4B-00C04F79EFBC}") = "DaprMicroserviceTemplate1", "DaprMicroserviceTemplate1\DaprMicroserviceTemplate1.csproj", "{0AF31D91-0C0B-40C8-8381-176EF2EFDADF}"
EndProject
Global
	GlobalSection(SolutionConfigurationPlatforms) = preSolution
		Debug|Any CPU = Debug|Any CPU
		Release|Any CPU = Release|Any CPU
	EndGlobalSection
	GlobalSection(ProjectConfigurationPlatforms) = postSolution
		{0AF31D91-0C0B-40C8-8381-176EF2EFDADF}.Debug|Any CPU.ActiveCfg = Debug|Any CPU
		{0AF31D91-0C0B-40C8-8381-176EF2EFDADF}.Debug|Any CPU.Build.0 = Debug|Any CPU
		{0AF31D91-0C0B-40C8-8381-176EF2EFDADF}.Release|Any CPU.ActiveCfg = Release|Any CPU
		{0AF31D91-0C0B-40C8-8381-176EF2EFDADF}.Release|Any CPU.Build.0 = Release|Any CPU
	EndGlobalSection
	GlobalSection(SolutionProperties) = preSolution
		HideSolutionNode = FALSE
	EndGlobalSection
	GlobalSection(ExtensibilityGlobals) = postSolution
		SolutionGuid = {1923AB77-378F-4DA7-9155-5CA9A4425747}
	EndGlobalSection
EndGlobal
